{
  "version": "2",
  "remote": {
    "https://deno.land/std@0.144.0/_util/assert.ts": "e94f2eb37cebd7f199952e242c77654e43333c1ac4c5c700e929ea3aa5489f74",
    "https://deno.land/std@0.144.0/_util/os.ts": "3b4c6e27febd119d36a416d7a97bd3b0251b77c88942c8f16ee5953ea13e2e49",
    "https://deno.land/std@0.144.0/path/_constants.ts": "df1db3ffa6dd6d1252cc9617e5d72165cd2483df90e93833e13580687b6083c3",
    "https://deno.land/std@0.144.0/path/_interface.ts": "ee3b431a336b80cf445441109d089b70d87d5e248f4f90ff906820889ecf8d09",
    "https://deno.land/std@0.144.0/path/_util.ts": "c1e9686d0164e29f7d880b2158971d805b6e0efc3110d0b3e24e4b8af2190d2b",
    "https://deno.land/std@0.144.0/path/common.ts": "bee563630abd2d97f99d83c96c2fa0cca7cee103e8cb4e7699ec4d5db7bd2633",
    "https://deno.land/std@0.144.0/path/glob.ts": "cb5255638de1048973c3e69e420c77dc04f75755524cb3b2e160fe9277d939ee",
    "https://deno.land/std@0.144.0/path/mod.ts": "4945b430b759b0b3d98f2a278542cbcf95e0ad2bd8eaaed3c67322b306b2b346",
    "https://deno.land/std@0.144.0/path/posix.ts": "293cdaec3ecccec0a9cc2b534302dfe308adb6f10861fa183275d6695faace44",
    "https://deno.land/std@0.144.0/path/separator.ts": "fe1816cb765a8068afb3e8f13ad272351c85cbc739af56dacfc7d93d710fe0f9",
    "https://deno.land/std@0.144.0/path/win32.ts": "31811536855e19ba37a999cd8d1b62078235548d67902ece4aa6b814596dd757",
    "https://esm.sh/@mdx-js/mdx@2.3.0": "3ac2ae06b4a6f59e93adf0ef1820c5f65db6de3a8d8645812ec3e83a40dfae15",
    "https://esm.sh/preact@10.11.0": "e888b244446037c56f1881173fb51d1f5fa7aae5599e6c5154619346a6a5094e",
    "https://esm.sh/stable/preact@10.11.0/deno/preact.js": "071b515099e5dff2fe56768be62644e32fab702b194171357ccc4d7d1210144a",
    "https://esm.sh/v106/@mdx-js/mdx@2.3.0/deno/mdx.js": "1bba27e18dfc390bb46b72854cb943dd69c16c9195200a24a1880845802db966",
    "https://esm.sh/v106/@mdx-js/mdx@2.3.0/index.d.ts": "819cc535e050c6797de10ae425e41a0eca6681a69f6a91c97273f8689f67379c",
    "https://esm.sh/v106/@mdx-js/mdx@2.3.0/lib/compile.d.ts": "0b2005ba31ba1973d8e8d1888b5150f1a31030405a74a20256d920465920f1be",
    "https://esm.sh/v106/@mdx-js/mdx@2.3.0/lib/core.d.ts": "7c834b2c38eb5bc8a65dbb3fb23f0352ddedeecd776cf5f306c4b1b814e8849a",
    "https://esm.sh/v106/@mdx-js/mdx@2.3.0/lib/evaluate.d.ts": "3a60957209847faf54f8b4efc7421c02b4b722c32872175c7cfa5de300fdd6b4",
    "https://esm.sh/v106/@mdx-js/mdx@2.3.0/lib/node-types.d.ts": "7bc925c163a15f97148704174744d032f28ad153ff9d7485e109a22b5de643dc",
    "https://esm.sh/v106/@mdx-js/mdx@2.3.0/lib/plugin/recma-document.d.ts": "4fd7ddb9c9faff23cce3d605e1d25627d286c96ced0ca7cc99f4e25b474060f7",
    "https://esm.sh/v106/@mdx-js/mdx@2.3.0/lib/plugin/recma-jsx-rewrite.d.ts": "d1f6ddbcddf2746cc3d5fa0187e2babef41daf7e40a1c3dbd329c73031bec071",
    "https://esm.sh/v106/@mdx-js/mdx@2.3.0/lib/plugin/recma-stringify.d.ts": "f2f6217eff84fdfdb47ece3d8071691effcff6e65c73f450703a762f56392173",
    "https://esm.sh/v106/@mdx-js/mdx@2.3.0/lib/plugin/rehype-recma.d.ts": "11996bb312fcc4998c96ca464e571e028816de2c6078e026e83b383cb64ba419",
    "https://esm.sh/v106/@mdx-js/mdx@2.3.0/lib/run.d.ts": "8e6a2d23d02da219dc17ca819efce29e1099883425f56e6c803c19d913b11173",
    "https://esm.sh/v106/@mdx-js/mdx@2.3.0/lib/util/resolve-evaluate-options.d.ts": "a6ecee04324275c9bea824e6173a19ad7c7a133990d6bd2da888ba2c8c64fbdb",
    "https://esm.sh/v106/@types/estree-jsx@1.0.0/index.d.ts": "46d7debfcfc12538c88a35a5bd94677e1c34c9e314430e4b79d33cc243fe90b3",
    "https://esm.sh/v106/@types/estree@1.0.0/index.d.ts": "946bd1737d9412395a8f24414c70f18660b84a75a12b0b448e6eb1a2161d06dd",
    "https://esm.sh/v106/@types/hast@2.3.4/index.d.ts": "6075cc26a4cf5f221af7e5577d87bd89d5004b679c4fbc89db2be6ecc7f55c19",
    "https://esm.sh/v106/@types/mdast@3.0.10/index.d.ts": "dfe9a012dab033b45983503bdb210450ff329d5c5354226176a90a4f9995aeb1",
    "https://esm.sh/v106/@types/mdx@2.0.3/types.d.ts": "a1735a99b5b4aa7651a2d6dec019237d65bb5ac543c2e5e0f280ab1315c52584",
    "https://esm.sh/v106/@types/unist@2.0.6/index.d.ts": "cddf5c26907c0b8378bc05543161c11637b830da9fadf59e02a11e675d11e180",
    "https://esm.sh/v106/acorn-jsx@5.3.2/deno/acorn-jsx.js": "e6b29eb0116e64b1da406deef1f55c7e55bd1a8bcc3d3fa4157bcb8fde1c7166",
    "https://esm.sh/v106/acorn@8.8.2/deno/acorn.js": "a65c192e35496d1e7b37672661d49c4ea2ab61759ae7c63f870b899555fadfc9",
    "https://esm.sh/v106/astring@1.8.4/deno/astring.js": "f9b6d4099216a19f38b9aa300b251332e8d7c08d98843a0253c9d1b5bba20c90",
    "https://esm.sh/v106/bail@2.0.2/deno/bail.js": "b3ca9b5bd06df9985e9df2ab56d0afe3364cee30f37cdaecb405c10de2337f5e",
    "https://esm.sh/v106/ccount@2.0.1/deno/ccount.js": "6bf07045e8daa1b9a2bba73d70c29361aac38c0a59095b57f1f1ceed9a7981f0",
    "https://esm.sh/v106/character-entities-html4@2.1.0/deno/character-entities-html4.js": "5e04e53a3610bfb51532f6eda18b7025e079a0d209b96d171a04fe538f171d3a",
    "https://esm.sh/v106/character-entities-legacy@3.0.0/deno/character-entities-legacy.js": "9c909f90e8778cbf92c7f3c1709691d407be75ebcfe3a6599faa598e60ef14cd",
    "https://esm.sh/v106/character-entities@2.0.2/deno/character-entities.js": "8232bf4b6fa89842eeb1293a35c247a3579d199b972fc337b39d90905605eed9",
    "https://esm.sh/v106/character-reference-invalid@2.0.1/deno/character-reference-invalid.js": "47393a650ad7f0bf411a413f1d3e4e84c6c3f6e7b8a91c5b2be041a2cfd2ef51",
    "https://esm.sh/v106/comma-separated-tokens@2.0.3/deno/comma-separated-tokens.js": "0a876bf6a6dd11588e10e814b8c27fa756d978277000d4a2baeb339a1d6fe714",
    "https://esm.sh/v106/decode-named-character-reference@1.0.2/deno/decode-named-character-reference.js": "a17e785361bdc71b5257c96608beb1c768b11e34623b809f2e9ee796abc4c6ae",
    "https://esm.sh/v106/estree-util-attach-comments@2.1.1/deno/estree-util-attach-comments.js": "e0e86210294bf13069df717ddee74d50522d598e6d8ef18839ea8b576dbed709",
    "https://esm.sh/v106/estree-util-build-jsx@2.2.2/deno/estree-util-build-jsx.js": "76c47be655afdfabc9500abddc9559da50ee3a67757ea9b7f00ca0eea22d5238",
    "https://esm.sh/v106/estree-util-is-identifier-name@2.1.0/deno/estree-util-is-identifier-name.js": "5e7882cbec56574ea59b894bceb61780dcdf8a1466775f520f22fcf1383572eb",
    "https://esm.sh/v106/estree-util-to-js@1.2.0/deno/estree-util-to-js.js": "4f2d32818d2993ddafb25304fe99b955285eafe2a8b866e6dd54aa700638418a",
    "https://esm.sh/v106/estree-util-visit@1.2.1/deno/estree-util-visit.js": "fc3bbebe26ac6eb7a2b35c05d96f9dd7c16523e6045019a0dfbbf2c8f0ff4faa",
    "https://esm.sh/v106/estree-walker@3.0.3/deno/estree-walker.js": "f87454bcd40af6371585bec17d8b808a8a7ab577a845709c972804cdecfe8e6c",
    "https://esm.sh/v106/extend@3.0.2/deno/extend.js": "a316a24756d804431fc0c01d03f31d5658e477559a809a011e8aac525d8ed16d",
    "https://esm.sh/v106/hast-util-to-estree@2.3.2/deno/hast-util-to-estree.js": "6942daab2322452c32c564b62a64612d17aa9b56285b2426a7fbe0ac260aba40",
    "https://esm.sh/v106/hast-util-whitespace@2.0.1/deno/hast-util-whitespace.js": "c77562e677a9efe51825ad54122d0f76312f67c0883ad8d1acc52a939d86adc4",
    "https://esm.sh/v106/inline-style-parser@0.1.1/deno/inline-style-parser.js": "ddd6d79d176951e4980fe92fc70ec5694a78d9baf3cd3a983b662e63cb34096b",
    "https://esm.sh/v106/is-alphabetical@2.0.1/deno/is-alphabetical.js": "cfc46e2a955f1fa5ffac4414179fd7fb41fcb9ed19cf2660854c4f2555f127c0",
    "https://esm.sh/v106/is-alphanumerical@2.0.1/deno/is-alphanumerical.js": "b2cb7b83791905b0ec6974ab68e22fbea3e5843abe582ad61de7f2f55f04a2cb",
    "https://esm.sh/v106/is-buffer@2.0.5/deno/is-buffer.js": "b6e564d626978b9ca3f079fbac90879b4a5e9e64457e17e3c23a9f0607ddd933",
    "https://esm.sh/v106/is-decimal@2.0.1/deno/is-decimal.js": "c1ee50b693a9ce7d83de9318ae18c2ca658dc8e0c9b0f11077954b35f2e15051",
    "https://esm.sh/v106/is-hexadecimal@2.0.1/deno/is-hexadecimal.js": "edf6191723690ded9dad808175958940cbc3912bf4f4a47394326dfb48a43569",
    "https://esm.sh/v106/is-plain-obj@4.1.0/deno/is-plain-obj.js": "58064b5b3fefbfc9d28000056b88e2d57d45c3b4d7bd574b74144db35603d8b7",
    "https://esm.sh/v106/is-reference@3.0.1/deno/is-reference.js": "ac465b7441aeb5cf5d91a5048f66024b6b5930523f01659744bd4cdff4dbaa65",
    "https://esm.sh/v106/markdown-extensions@1.1.1/deno/markdown-extensions.js": "85ad67a28ed0cb6e44f221f0ab970273aaea4e63a2938c4d7ac366d19d0d4cd9",
    "https://esm.sh/v106/mdast-util-definitions@5.1.2/deno/mdast-util-definitions.js": "0bcc174096afffd72bf150429449004044788b40f6ee43752b6444c77b1a57ac",
    "https://esm.sh/v106/mdast-util-from-markdown@1.3.0/deno/mdast-util-from-markdown.js": "b547c9466e26d7b3f4641d0da8b7e47e15c7bbca317df5de89a674dfb16f1f27",
    "https://esm.sh/v106/mdast-util-mdx-expression@1.3.2/deno/mdast-util-mdx-expression.js": "96b316c98963048cf9f88cbae229cefdec7ee74fe887e3ce4aa4eb8e01192143",
    "https://esm.sh/v106/mdast-util-mdx-jsx@2.1.2/deno/mdast-util-mdx-jsx.js": "0b4edc81b419099a3e43a35b2db1847206947d872d45ae75de3fa2b4b770feea",
    "https://esm.sh/v106/mdast-util-mdx@2.0.1/deno/mdast-util-mdx.js": "a2d4a6966790b9440b54e0cde91b7b9817784a257faa17ff75ae72cc174ccfe2",
    "https://esm.sh/v106/mdast-util-mdxjs-esm@1.3.1/deno/mdast-util-mdxjs-esm.js": "303c06b9cda03ad807828e4425616233666d66eacd144340409dda4f07ca7079",
    "https://esm.sh/v106/mdast-util-to-hast@12.2.6/complex-types.d.ts": "2e1859e9ce023cbfca253a2fd2602338801910da32e19cda69fcd0c848b4e7c5",
    "https://esm.sh/v106/mdast-util-to-hast@12.2.6/deno/mdast-util-to-hast.js": "c100be545071e5dc358268e38a74c67b33ca6c3e3dacddcdd17c719e1d144c78",
    "https://esm.sh/v106/mdast-util-to-hast@12.2.6/index.d.ts": "2eebca76dd911a3be170428e0a692788b036fb4f0013f5f18bb1af6360d5c00a",
    "https://esm.sh/v106/mdast-util-to-hast@12.2.6/lib/handlers/blockquote.d.ts": "5574c5ee27e1152190221229c034b3beffe41d19765c8f18581efd5211bbba7c",
    "https://esm.sh/v106/mdast-util-to-hast@12.2.6/lib/handlers/break.d.ts": "8eb1d28098f22964604f95cef38618c0f38a4dee771805b43ffa307df160f144",
    "https://esm.sh/v106/mdast-util-to-hast@12.2.6/lib/handlers/code.d.ts": "e2ac8b6d77180f0be8c2ef5b83cd64ecece8db82dafa39fc44d9b641fc169755",
    "https://esm.sh/v106/mdast-util-to-hast@12.2.6/lib/handlers/delete.d.ts": "707382bd83dbeb79dbb664ce06f7cd772bd5ac399bfbd167080cf92fdb30ef12",
    "https://esm.sh/v106/mdast-util-to-hast@12.2.6/lib/handlers/emphasis.d.ts": "2b2369a23e0f2fef5fbaeb7db8aaa38e1d5c67f9c52e7f9c038115e94a4aa221",
    "https://esm.sh/v106/mdast-util-to-hast@12.2.6/lib/handlers/footnote-reference.d.ts": "89633c8bb510ebfdbcbcf0453394352f26e135ae8df4366a97d3185141e49876",
    "https://esm.sh/v106/mdast-util-to-hast@12.2.6/lib/handlers/footnote.d.ts": "76539c38b475732397a9c5135267d9e4eca5f3b058ad6083143f732190d36e43",
    "https://esm.sh/v106/mdast-util-to-hast@12.2.6/lib/handlers/heading.d.ts": "a01f3abcba98c836913e89c8f3c1482dfbb1b058e5f1b82a6a64e50a2267aea7",
    "https://esm.sh/v106/mdast-util-to-hast@12.2.6/lib/handlers/html.d.ts": "75ca7f034d2cdb8b3868651ab6bb9dcde02b1d0de49e2d209624113892e36a46",
    "https://esm.sh/v106/mdast-util-to-hast@12.2.6/lib/handlers/image-reference.d.ts": "ebc5aa82762733264435497bbcf8eb1709d7b8818dffc320101f088213762e82",
    "https://esm.sh/v106/mdast-util-to-hast@12.2.6/lib/handlers/image.d.ts": "65190e94deeebb30610dfb0059aa13dcef37e28b6687474fe9748d4abb50bd0f",
    "https://esm.sh/v106/mdast-util-to-hast@12.2.6/lib/handlers/index.d.ts": "d9f0bfdbcbf97939ba740cba76a22933dd546e98125daa796d34693918e8ec46",
    "https://esm.sh/v106/mdast-util-to-hast@12.2.6/lib/handlers/inline-code.d.ts": "8b1c7b86f1536fb2761e3dcf3629adde514b60b5704d379c407251d2801e196f",
    "https://esm.sh/v106/mdast-util-to-hast@12.2.6/lib/handlers/link-reference.d.ts": "c075d118a8b3b238bf5b64ca0d74b992f7a295e5c8310071908a2369828712a5",
    "https://esm.sh/v106/mdast-util-to-hast@12.2.6/lib/handlers/link.d.ts": "b5930ec3b683b21e9873ec5b9de4ab391fb2812c753c898427c0a6224c35617b",
    "https://esm.sh/v106/mdast-util-to-hast@12.2.6/lib/handlers/list-item.d.ts": "ed81da015bfc9b67e8b62e22bce67009dbdba776d8c0bec73d791b7c1f0c8033",
    "https://esm.sh/v106/mdast-util-to-hast@12.2.6/lib/handlers/list.d.ts": "085f9d7e2076c8997dabc7169b102633ae62d1a6061703ecb2facb8762de8751",
    "https://esm.sh/v106/mdast-util-to-hast@12.2.6/lib/handlers/paragraph.d.ts": "d67d9bb2bbc3fa743914647c5cc4a566987eef50e76ed646d8ad827e9f20d6db",
    "https://esm.sh/v106/mdast-util-to-hast@12.2.6/lib/handlers/root.d.ts": "389c17ea0ab713fa163fce6e60a3e07e759d6be74dc48b8914d654a0307d0331",
    "https://esm.sh/v106/mdast-util-to-hast@12.2.6/lib/handlers/strong.d.ts": "dc89c53125111e0d2dbfdbc520d200bc550833ec746a718f7a207d5a99b17685",
    "https://esm.sh/v106/mdast-util-to-hast@12.2.6/lib/handlers/table.d.ts": "d71022849924c5dcc8a14a3c3c5053e51717a20bb7a403aaabd68e87da121b19",
    "https://esm.sh/v106/mdast-util-to-hast@12.2.6/lib/handlers/text.d.ts": "d37293fb6aa0b7c360e0f53807af20f740ff52801476e9aff6f7e0e3712634f3",
    "https://esm.sh/v106/mdast-util-to-hast@12.2.6/lib/handlers/thematic-break.d.ts": "8fcebd9c1f09d2bf320fcfd6f80837c9a99bb56554a8fc6bfba9fd1b4fd15100",
    "https://esm.sh/v106/mdast-util-to-hast@12.2.6/lib/index.d.ts": "e59f0c3899e9196ed3013dce3f52fd4c543fc2e73ed4e1e1b8c3592147104526",
    "https://esm.sh/v106/mdast-util-to-hast@12.2.6/lib/traverse.d.ts": "1697eba69f5fcf992ff32487b4ca075a1e30cd7b716bbaec5f32f02911d7ca2f",
    "https://esm.sh/v106/mdast-util-to-markdown@1.5.0/deno/lib/util/container-flow.js": "a5493972e15d5198beb0e06fa3c33278fa96ec302e30944fcc77bc09a6fe1670",
    "https://esm.sh/v106/mdast-util-to-markdown@1.5.0/deno/lib/util/container-phrasing.js": "e9bb7d49cae2c20d0d86684f99bf5ae299388f79f6b1eec5d83d958232dae9a4",
    "https://esm.sh/v106/mdast-util-to-markdown@1.5.0/deno/lib/util/indent-lines.js": "08bb7bf6d11106e5fccb2d18269ec0fed1d1ec855e2ac6b60450829bc2f70931",
    "https://esm.sh/v106/mdast-util-to-markdown@1.5.0/deno/lib/util/track.js": "3704e21de6417b35be307856bbd00648d1fc7978bdc1107976901ff41bc21a9f",
    "https://esm.sh/v106/mdast-util-to-string@3.1.1/deno/mdast-util-to-string.js": "45841ffe286a613c0f465e010babbbd9b6cd89920690342663b2f8dc229059fd",
    "https://esm.sh/v106/micromark-core-commonmark@1.0.6/deno/micromark-core-commonmark.js": "36dee49ad65bbe74bbbc516afd0c98b881791e2f4495a0199cf51945240faacc",
    "https://esm.sh/v106/micromark-extension-mdx-expression@1.0.4/deno/micromark-extension-mdx-expression.js": "e5835961de36f4cff5c6a23969430a882b49a52faacff89388040f2de3722098",
    "https://esm.sh/v106/micromark-extension-mdx-jsx@1.0.3/deno/micromark-extension-mdx-jsx.js": "f144f5413e985bcb2e8c271e2594af83f6e6c61778a06338c9839c27551c6a55",
    "https://esm.sh/v106/micromark-extension-mdx-md@1.0.0/deno/micromark-extension-mdx-md.js": "e2f847f8088526773b469f5f0d693d659d7ddc68c9c0d1e6ac100b7114c93912",
    "https://esm.sh/v106/micromark-extension-mdxjs-esm@1.0.3/deno/micromark-extension-mdxjs-esm.js": "14984fe4b403200229f5a725f62c7a8afafa8d7dc0954ae9e15f01ad16da5694",
    "https://esm.sh/v106/micromark-extension-mdxjs@1.0.0/deno/micromark-extension-mdxjs.js": "73d8995fcc0262b5186e630c6f10f2e799f01c7839dab1651dea43391cb2609e",
    "https://esm.sh/v106/micromark-factory-destination@1.0.0/deno/micromark-factory-destination.js": "9d8f532f6f135c545d4eaf9885355b9c67971c781e090bc4205c9d6599b6d094",
    "https://esm.sh/v106/micromark-factory-label@1.0.2/deno/micromark-factory-label.js": "9c05454d78fdcaada2bdce16fbecee3770d984df73fcb37803ad687f0ea7b2f9",
    "https://esm.sh/v106/micromark-factory-mdx-expression@1.0.7/deno/micromark-factory-mdx-expression.js": "a091bf6637b248113ce45ec5cd42840cb8c00c141ae9e71f20167f33225693b7",
    "https://esm.sh/v106/micromark-factory-space@1.0.0/deno/micromark-factory-space.js": "fe9558492f19cda4db097c770dd770b585f8ad2f1775e1201840d03e835306f4",
    "https://esm.sh/v106/micromark-factory-title@1.0.2/deno/micromark-factory-title.js": "4cae6192cbde1597d88702190673d4a7fa2d383b41e7f389fceb4a84115b4157",
    "https://esm.sh/v106/micromark-factory-whitespace@1.0.0/deno/micromark-factory-whitespace.js": "ccd31c93333b401d8e0ab49e9ee90101bb7c6882131185ee94fc2772b20f074e",
    "https://esm.sh/v106/micromark-util-character@1.1.0/deno/micromark-util-character.js": "8440332592030f7a4b7e826bf91bab41a9b54ccb8f1ce6dbd23ca11d72230945",
    "https://esm.sh/v106/micromark-util-chunked@1.0.0/deno/micromark-util-chunked.js": "df0ed6b7b0559fde92c00504aff8b9a05c4f07344ba3365e1d0e35b734d64d5a",
    "https://esm.sh/v106/micromark-util-classify-character@1.0.0/deno/micromark-util-classify-character.js": "99746fb78d3fff4df90879721bf74f85109c8ca0861ce50282fb736439e01eca",
    "https://esm.sh/v106/micromark-util-combine-extensions@1.0.0/deno/micromark-util-combine-extensions.js": "b36fd5b49192d41e5ba6525b0ce465f155e61cf48614adfc8327c1a4d36483a7",
    "https://esm.sh/v106/micromark-util-decode-numeric-character-reference@1.0.0/deno/micromark-util-decode-numeric-character-reference.js": "8a3b23cc0a9c33c0c63b09d07e9c7957f16663cb03f4a5fb42b61263825aafd8",
    "https://esm.sh/v106/micromark-util-decode-string@1.0.2/deno/micromark-util-decode-string.js": "d7d6884f72860822f1f127ca0fddb6f9fca8f29d8ffc1ed66e059cca074a2511",
    "https://esm.sh/v106/micromark-util-encode@1.0.1/deno/micromark-util-encode.js": "3cbfdec3cdf813b7fed185de6edc43841380583949ce0c301615f0c50c43e9e9",
    "https://esm.sh/v106/micromark-util-events-to-acorn@1.2.1/deno/micromark-util-events-to-acorn.js": "43fa38191ba6438cadcec93a007755103fa32ffeb8a2e511916ddeced6d049c7",
    "https://esm.sh/v106/micromark-util-html-tag-name@1.1.0/deno/micromark-util-html-tag-name.js": "2a34a3b2bceb845508f2d87eea03d2d31d421fb10b0a6e1bcc8aaf749857fc88",
    "https://esm.sh/v106/micromark-util-normalize-identifier@1.0.0/deno/micromark-util-normalize-identifier.js": "abf033051b12b2fe62edb61c1a1f895d79190501be20d390e0d146cbc0d6f1c7",
    "https://esm.sh/v106/micromark-util-resolve-all@1.0.0/deno/micromark-util-resolve-all.js": "57688a5cd4c92a147f4cb4f059f0536141fd770b03c675600586011d011049cb",
    "https://esm.sh/v106/micromark-util-sanitize-uri@1.1.0/deno/micromark-util-sanitize-uri.js": "ff69f0b739374c47c7c1109bcc60c561140950ef280e8cb1944f492b6978f5ee",
    "https://esm.sh/v106/micromark-util-subtokenize@1.0.2/deno/micromark-util-subtokenize.js": "f66e2a6008ad887154160a14587d6a1f8de26978c6be6adaa496bf9b8b7c556c",
    "https://esm.sh/v106/micromark@3.1.0/deno/lib/parse.js": "6f0e7341fcb48d5321793f145e9af18b7f2f8f95cafdd7405f6f3a72c945deba",
    "https://esm.sh/v106/micromark@3.1.0/deno/lib/postprocess.js": "f017f76a82e4ef825ed4379c52f6d5a3941cc253c1d256a70afffdd79d323661",
    "https://esm.sh/v106/micromark@3.1.0/deno/lib/preprocess.js": "909dc5f469605809ba3507b2fceb38d8028f682f5cea4825495f0735a48f898f",
    "https://esm.sh/v106/parse-entities@4.0.1/deno/parse-entities.js": "3b3259eb383f671490e63e3dd10a08dbe44ba4f42fdbe71dd44020cda3c41f23",
    "https://esm.sh/v106/periscopic@3.1.0/deno/periscopic.js": "6e1973ae522947a2ea3af6a680b8fdd0522fc1925ba1e87b2bd76581b268fb26",
    "https://esm.sh/v106/periscopic@3.1.0/types/index.d.ts": "97d7265fbc8bf62cb8c23c2b402db8b52e4096548d18b77a6749be0f2e00d397",
    "https://esm.sh/v106/preact@10.11.0/src/index.d.ts": "1a5c331227be54be6515b0c92a469d352834fa413963ae84a39a05a3177111f6",
    "https://esm.sh/v106/preact@10.11.0/src/jsx.d.ts": "c423715fd7992b2e1446fea11d2d04e8adbd66c1edca1ce5e85f90e0d26a2eb2",
    "https://esm.sh/v106/property-information@6.2.0/deno/property-information.js": "9ef00757dfe04fcebc006769d27546599ea0055597ba9245f7c5f11460701cdd",
    "https://esm.sh/v106/remark-mdx@2.3.0/deno/remark-mdx.js": "b128899f44984cea975ad6984c93c96d2fcb36669dec460756748787bac0a94f",
    "https://esm.sh/v106/remark-parse@10.0.1/deno/remark-parse.js": "cb7bcdfc4997a11d2bb320a09bc583f1a637003a9577ba56d07f7be0cebb8369",
    "https://esm.sh/v106/remark-rehype@10.1.0/deno/remark-rehype.js": "16b6c870b1cc226b75e04c62e0af2eb67d6fa972f38aaaafb0d0832acb8e3498",
    "https://esm.sh/v106/remark-rehype@10.1.0/index.d.ts": "feec099db43afcaf2bd32684f648c2263a2e408f34cb4f5c10524f7672a60fb3",
    "https://esm.sh/v106/remark-rehype@10.1.0/lib/index.d.ts": "4d6d401d9658375f5cae9c49391e6336212a35adc3f19120f438b28945433b75",
    "https://esm.sh/v106/source-map@0.7.4/source-map.d.ts": "b90c59ac4682368a01c83881b814738eb151de8a58f52eb7edadea2bcffb11b9",
    "https://esm.sh/v106/space-separated-tokens@2.0.2/deno/space-separated-tokens.js": "89399dc4764a505aec3f6966552b99ffd1a27f1cb2a62a67c49f1331b67b3152",
    "https://esm.sh/v106/stringify-entities@4.0.3/deno/stringify-entities.js": "0733459e17531d9f1ef5e634e9025964d894a26b71cc84e4acc752f7e6dabd75",
    "https://esm.sh/v106/style-to-object@0.4.1/deno/style-to-object.js": "7f49863b8460e44668062615f4f47c9b426c2fc2943d8bf29189087c32262682",
    "https://esm.sh/v106/trim-lines@3.0.1/deno/trim-lines.js": "b3b3e798bde377aba92e16df93ab338e80a72c34f7d07de2d017f19302a862b0",
    "https://esm.sh/v106/trough@2.1.0/deno/trough.js": "1c4ee11198b1f3b897ccec55456112b327bbf740bffdce6d378f808af907704c",
    "https://esm.sh/v106/unified@10.1.2/deno/unified.js": "c39228ef9bd44878b9106632875a1e5493eae1638083e9b037d5142f37ca2c7a",
    "https://esm.sh/v106/unified@10.1.2/index.d.ts": "2733cfb56ceb70de094c3ab95c0e583942e17fde97665214a401a2ea982fd274",
    "https://esm.sh/v106/unist-builder@3.0.1/deno/unist-builder.js": "94349b9009b0e4fb77952c8b56d454273c60df2cc3106b34fb93033bb5d12bfb",
    "https://esm.sh/v106/unist-util-generated@2.0.1/deno/unist-util-generated.js": "9327bf509c4472146873d072d813048d95389d4cd1b846fe48fd48c8e312250b",
    "https://esm.sh/v106/unist-util-is@5.2.0/deno/unist-util-is.js": "8561b5c26eb167407e979e8fce6e5c8eb74d30193e0d9ab3f2383b79135081ce",
    "https://esm.sh/v106/unist-util-position-from-estree@1.1.2/deno/unist-util-position-from-estree.js": "f45d7d5b8301ddbc269b9d8e14142323c8de90aff0d8ef59122b2111503b4756",
    "https://esm.sh/v106/unist-util-position@4.0.4/deno/unist-util-position.js": "e5661a0713f1af7dfa27cb1f1c296418f257cebc57f30cb8670fd0521e31869b",
    "https://esm.sh/v106/unist-util-stringify-position@3.0.3/deno/unist-util-stringify-position.js": "9264eb8aecc699b0ec7ac3de0466e622964cf013d215178f320363a3919b4473",
    "https://esm.sh/v106/unist-util-visit-parents@5.1.3/deno/unist-util-visit-parents.js": "0e860416ec1c5de8c1094a7059ff88c660a0b57a84881b35f44c93aeae70f0ef",
    "https://esm.sh/v106/unist-util-visit@4.1.2/deno/unist-util-visit.js": "f59139ead93ab744ac9addab99978a52546fa83e096f9a329d2a7a8a7034b53f",
    "https://esm.sh/v106/vfile-location@4.0.1/deno/vfile-location.js": "52696eca676de97de51fc5828a3e4af5ef914a84d21bd274e171f75586c18c2e",
    "https://esm.sh/v106/vfile-message@3.1.3/deno/vfile-message.js": "109cede454d6d0bcb884dbdc71ac02817a48492a4a91ca18430cbf603739e4b9",
    "https://esm.sh/v106/vfile-message@3.1.3/index.d.ts": "a759b915a3e2898074b257bb6b246da250c3180ca3c079d517c1bfdf3a292baa",
    "https://esm.sh/v106/vfile-message@3.1.4/deno/vfile-message.js": "67bb01362d1204723665c6716f6db96e02d85b9582ed18523a23cf3213340fdd",
    "https://esm.sh/v106/vfile-message@3.1.4/index.d.ts": "79703e40043f1870bb6e562148308ec6681d033c18a6290f795af9fe04d6b20d",
    "https://esm.sh/v106/vfile-message@3.1.4/lib/index.d.ts": "12b1c5893bc6d3243227f1eaea65b48653d4b0c6b44e2c343c15fbd18eccf6e8",
    "https://esm.sh/v106/vfile@5.3.6/deno/vfile.js": "6c5eb1e1978de42d0403e72fd7f797a32a07390828941d0543158b9f553331b8",
    "https://esm.sh/v106/vfile@5.3.6/index.d.ts": "6723559bb22bf7f2eea158222d3e1f0a04e3f09d132f6d6387d8e5acf1be9ed0",
    "https://esm.sh/v106/vfile@5.3.6/lib/index.d.ts": "c8cd65ea7de115b9f9eb57b8b43911060499324de2717d8b5883dd4bdce62ab1",
    "https://esm.sh/v106/vfile@5.3.6/lib/minurl.shared.d.ts": "3706ce5f7daa3461e02dd6dc33083b8e22cb9691e9348b8e481a5d049e62d897",
    "https://esm.sh/v106/vfile@5.3.7/deno/vfile.js": "b32ae0cc833f4c657ca1330bc74b3a9a823f4408df1853ee3d330d2b77b11d15",
    "https://esm.sh/v106/vfile@5.3.7/index.d.ts": "3b3c84057d743497bfe6b543700f14e84841cf563240e759b584ca6afc54a4fb",
    "https://esm.sh/v106/vfile@5.3.7/lib/index.d.ts": "c0f8d28f04068e0851a77a2f006d7c875930a417ed1ae5554ab96239b8cba34d",
    "https://esm.sh/v106/vfile@5.3.7/lib/minurl.shared.d.ts": "8fa1868ab5af3818ff4746f383ea84206596e284f7dc5ffd40a0fac08ed093f9",
    "https://esm.sh/v106/zwitch@2.0.4/deno/zwitch.js": "c155a8dcd1a70f4c6083046c644d1747c3c3d1858a738fe6f359c5e8e424f82f"
  }
}
